
Microsoft Visual Studio Solution File, Format Version 12.00
# Visual Studio Version 16
VisualStudioVersion = 16.0.32602.291
MinimumVisualStudioVersion = 10.0.40219.1
Project("{FAE04EC0-301F-11D3-BF4B-00C04F79EFBC}") = "Synchronized Contexts", "Synchronized Contexts\Synchronized Contexts.csproj", "{E3C10D2A-DFC8-4AE4-AF6C-36C116690D31}"
EndProject
Global
	GlobalSection(SolutionConfigurationPlatforms) = preSolution
		Debug|Any CPU = Debug|Any CPU
		Release|Any CPU = Release|Any CPU
	EndGlobalSection
	GlobalSection(ProjectConfigurationPlatforms) = postSolution
		{E3C10D2A-DFC8-4AE4-AF6C-36C116690D31}.Debug|Any CPU.ActiveCfg = Debug|Any CPU
		{E3C10D2A-DFC8-4AE4-AF6C-36C116690D31}.Debug|Any CPU.Build.0 = Debug|Any CPU
		{E3C10D2A-DFC8-4AE4-AF6C-36C116690D31}.Release|Any CPU.ActiveCfg = Release|Any CPU
		{E3C10D2A-DFC8-4AE4-AF6C-36C116690D31}.Release|Any CPU.Build.0 = Release|Any CPU
	EndGlobalSection
	GlobalSection(SolutionProperties) = preSolution
		HideSolutionNode = FALSE
	EndGlobalSection
	GlobalSection(ExtensibilityGlobals) = postSolution
		SolutionGuid = {B0002A22-FEB0-4B6D-B9A2-AB345B11B512}
	EndGlobalSection
EndGlobal
