
Microsoft Visual Studio Solution File, Format Version 12.00
# Visual Studio Version 16
VisualStudioVersion = 16.0.32602.291
MinimumVisualStudioVersion = 10.0.40219.1
Project("{9A19103F-16F7-4668-BE54-9A1E7A4F7556}") = "MutexZad", "WaitHandle\MutexZad.csproj", "{CA5DAABF-CA82-461A-8300-C66902B5ABAA}"
EndProject
Global
	GlobalSection(SolutionConfigurationPlatforms) = preSolution
		Debug|Any CPU = Debug|Any CPU
		Release|Any CPU = Release|Any CPU
	EndGlobalSection
	GlobalSection(ProjectConfigurationPlatforms) = postSolution
		{CA5DAABF-CA82-461A-8300-C66902B5ABAA}.Debug|Any CPU.ActiveCfg = Debug|Any CPU
		{CA5DAABF-CA82-461A-8300-C66902B5ABAA}.Debug|Any CPU.Build.0 = Debug|Any CPU
		{CA5DAABF-CA82-461A-8300-C66902B5ABAA}.Release|Any CPU.ActiveCfg = Release|Any CPU
		{CA5DAABF-CA82-461A-8300-C66902B5ABAA}.Release|Any CPU.Build.0 = Release|Any CPU
	EndGlobalSection
	GlobalSection(SolutionProperties) = preSolution
		HideSolutionNode = FALSE
	EndGlobalSection
	GlobalSection(ExtensibilityGlobals) = postSolution
		SolutionGuid = {A653604B-6020-424F-B55D-8541029BA72A}
	EndGlobalSection
EndGlobal
