
Microsoft Visual Studio Solution File, Format Version 12.00
# Visual Studio Version 16
VisualStudioVersion = 16.0.32602.291
MinimumVisualStudioVersion = 10.0.40219.1
Project("{FAE04EC0-301F-11D3-BF4B-00C04F79EFBC}") = "Monitor Pulse", "Monitor Pulse\Monitor Pulse.csproj", "{D3A998B5-1A08-4B1D-A821-D0059A0A5DD3}"
EndProject
Global
	GlobalSection(SolutionConfigurationPlatforms) = preSolution
		Debug|Any CPU = Debug|Any CPU
		Release|Any CPU = Release|Any CPU
	EndGlobalSection
	GlobalSection(ProjectConfigurationPlatforms) = postSolution
		{D3A998B5-1A08-4B1D-A821-D0059A0A5DD3}.Debug|Any CPU.ActiveCfg = Debug|Any CPU
		{D3A998B5-1A08-4B1D-A821-D0059A0A5DD3}.Debug|Any CPU.Build.0 = Debug|Any CPU
		{D3A998B5-1A08-4B1D-A821-D0059A0A5DD3}.Release|Any CPU.ActiveCfg = Release|Any CPU
		{D3A998B5-1A08-4B1D-A821-D0059A0A5DD3}.Release|Any CPU.Build.0 = Release|Any CPU
	EndGlobalSection
	GlobalSection(SolutionProperties) = preSolution
		HideSolutionNode = FALSE
	EndGlobalSection
	GlobalSection(ExtensibilityGlobals) = postSolution
		SolutionGuid = {F9F341A6-EAEF-47FF-95DC-A853A8308C9D}
	EndGlobalSection
EndGlobal
